
Microsoft Visual Studio Solution File, Format Version 12.00
# Visual Studio Version 16
VisualStudioVersion = 16.0.32901.82
MinimumVisualStudioVersion = 10.0.40219.1
Project("{8BC9CEB8-8B4A-11D0-8D11-00A0C91BC942}") = "internal for ugly pasters", "internal for ugly pasters\internal for ugly pasters.vcxproj", "{1998D631-50F0-4719-BA07-FEB48A9ED452}"
EndProject
Global
	GlobalSection(SolutionConfigurationPlatforms) = preSolution
		Debug|x64 = Debug|x64
		Debug|x86 = Debug|x86
		Release|x64 = Release|x64
		Release|x86 = Release|x86
	EndGlobalSection
	GlobalSection(ProjectConfigurationPlatforms) = postSolution
		{1998D631-50F0-4719-BA07-FEB48A9ED452}.Debug|x64.ActiveCfg = Debug|x64
		{1998D631-50F0-4719-BA07-FEB48A9ED452}.Debug|x64.Build.0 = Debug|x64
		{1998D631-50F0-4719-BA07-FEB48A9ED452}.Debug|x86.ActiveCfg = Debug|Win32
		{1998D631-50F0-4719-BA07-FEB48A9ED452}.Debug|x86.Build.0 = Debug|Win32
		{1998D631-50F0-4719-BA07-FEB48A9ED452}.Release|x64.ActiveCfg = Release|x64
		{1998D631-50F0-4719-BA07-FEB48A9ED452}.Release|x64.Build.0 = Release|x64
		{1998D631-50F0-4719-BA07-FEB48A9ED452}.Release|x86.ActiveCfg = Release|Win32
		{1998D631-50F0-4719-BA07-FEB48A9ED452}.Release|x86.Build.0 = Release|Win32
	EndGlobalSection
	GlobalSection(SolutionProperties) = preSolution
		HideSolutionNode = FALSE
	EndGlobalSection
	GlobalSection(ExtensibilityGlobals) = postSolution
		SolutionGuid = {6E83FD32-1096-46DD-9AEB-A79B4510D34D}
	EndGlobalSection
EndGlobal
